// !$*UTF8*$!
{
	archiveVersion = 1;
	classes = {
	};
	objectVersion = 46;
	objects = {

/* Begin PBXBuildFile section */
		A7A223C31CC8A89200C2BC58 /* RNAccountKit.h in CopyFiles */ = {isa = PBXBuildFile; fileRef = A7A223C21CC8A89200C2BC58 /* RNAccountKit.h */; };
		A7A223C51CC8A89200C2BC58 /* RNAccountKit.m in Sources */ = {isa = PBXBuildFile; fileRef = A7A223C41CC8A89200C2BC58 /* RNAccountKit.m */; };
		A7A223CE1CC8A91000C2BC58 /* AccountKit.framework in Frameworks */ = {isa = PBXBuildFile; fileRef = A7A223CC1CC8A91000C2BC58 /* AccountKit.framework */; };
/* End PBXBuildFile section */

/* Begin PBXCopyFilesBuildPhase section */
		A7A223BD1CC8A89100C2BC58 /* CopyFiles */ = {
			isa = PBXCopyFilesBuildPhase;
			buildActionMask = 2147483647;
			dstPath = "include/$(PRODUCT_NAME)";
			dstSubfolderSpec = 16;
			files = (
				A7A223C31CC8A89200C2BC58 /* RNAccountKit.h in CopyFiles */,
			);
			runOnlyForDeploymentPostprocessing = 0;
		};
/* End PBXCopyFilesBuildPhase section */

/* Begin PBXFileReference section */
		A7A223BF1CC8A89200C2BC58 /* libRNAccountKit.a */ = {isa = PBXFileReference; explicitFileType = archive.ar; includeInIndex = 0; path = libRNAccountKit.a; sourceTree = BUILT_PRODUCTS_DIR; };
		A7A223C21CC8A89200C2BC58 /* RNAccountKit.h */ = {isa = PBXFileReference; lastKnownFileType = sourcecode.c.h; path = RNAccountKit.h; sourceTree = "<group>"; };
		A7A223C41CC8A89200C2BC58 /* RNAccountKit.m */ = {isa = PBXFileReference; lastKnownFileType = sourcecode.c.objc; path = RNAccountKit.m; sourceTree = "<group>"; };
		A7A223CC1CC8A91000C2BC58 /* AccountKit.framework */ = {isa = PBXFileReference; lastKnownFileType = wrapper.framework; name = AccountKit.framework; path = AccountKit/AccountKit.framework; sourceTree = "<group>"; };
		A7A223CD1CC8A91000C2BC58 /* AccountKitStrings.bundle */ = {isa = PBXFileReference; lastKnownFileType = "wrapper.plug-in"; name = AccountKitStrings.bundle; path = AccountKit/AccountKitStrings.bundle; sourceTree = "<group>"; };
/* End PBXFileReference section */

/* Begin PBXFrameworksBuildPhase section */
		A7A223BC1CC8A89100C2BC58 /* Frameworks */ = {
			isa = PBXFrameworksBuildPhase;
			buildActionMask = 2147483647;
			files = (
				A7A223CE1CC8A91000C2BC58 /* AccountKit.framework in Frameworks */,
			);
			runOnlyForDeploymentPostprocessing = 0;
		};
/* End PBXFrameworksBuildPhase section */

/* Begin PBXGroup section */
		A7A223B61CC8A89100C2BC58 = {
			isa = PBXGroup;
			children = (
				A7A223CB1CC8A8FC00C2BC58 /* Frameworks */,
				A7A223C11CC8A89200C2BC58 /* RNAccountKit */,
				A7A223C01CC8A89200C2BC58 /* Products */,
			);
			sourceTree = "<group>";
		};
		A7A223C01CC8A89200C2BC58 /* Products */ = {
			isa = PBXGroup;
			children = (
				A7A223BF1CC8A89200C2BC58 /* libRNAccountKit.a */,
			);
			name = Products;
			sourceTree = "<group>";
		};
		A7A223C11CC8A89200C2BC58 /* RNAccountKit */ = {
			isa = PBXGroup;
			children = (
				A7A223C21CC8A89200C2BC58 /* RNAccountKit.h */,
				A7A223C41CC8A89200C2BC58 /* RNAccountKit.m */,
			);
			path = RNAccountKit;
			sourceTree = "<group>";
		};
		A7A223CB1CC8A8FC00C2BC58 /* Frameworks */ = {
			isa = PBXGroup;
			children = (
				A7A223CC1CC8A91000C2BC58 /* AccountKit.framework */,
				A7A223CD1CC8A91000C2BC58 /* AccountKitStrings.bundle */,
			);
			name = Frameworks;
			sourceTree = "<group>";
		};
/* End PBXGroup section */

/* Begin PBXNativeTarget section */
		A7A223BE1CC8A89100C2BC58 /* RNAccountKit */ = {
			isa = PBXNativeTarget;
			buildConfigurationList = A7A223C81CC8A89200C2BC58 /* Build configuration list for PBXNativeTarget "RNAccountKit" */;
			buildPhases = (
				A7A223BB1CC8A89100C2BC58 /* Sources */,
				A7A223BC1CC8A89100C2BC58 /* Frameworks */,
				A7A223BD1CC8A89100C2BC58 /* CopyFiles */,
			);
			buildRules = (
			);
			dependencies = (
			);
			name = RNAccountKit;
			productName = RNAccountKit;
			productReference = A7A223BF1CC8A89200C2BC58 /* libRNAccountKit.a */;
			productType = "com.apple.product-type.library.static";
		};
/* End PBXNativeTarget section */

/* Begin PBXProject section */
		A7A223B71CC8A89100C2BC58 /* Project object */ = {
			isa = PBXProject;
			attributes = {
				LastUpgradeCheck = 0730;
				ORGANIZATIONNAME = erickarroyo;
				TargetAttributes = {
					A7A223BE1CC8A89100C2BC58 = {
						CreatedOnToolsVersion = 7.3;
					};
				};
			};
			buildConfigurationList = A7A223BA1CC8A89100C2BC58 /* Build configuration list for PBXProject "RNAccountKit" */;
			compatibilityVersion = "Xcode 3.2";
			developmentRegion = English;
			hasScannedForEncodings = 0;
			knownRegions = (
				en,
			);
			mainGroup = A7A223B61CC8A89100C2BC58;
			productRefGroup = A7A223C01CC8A89200C2BC58 /* Products */;
			projectDirPath = "";
			projectRoot = "";
			targets = (
				A7A223BE1CC8A89100C2BC58 /* RNAccountKit */,
			);
		};
/* End PBXProject section */

/* Begin PBXSourcesBuildPhase section */
		A7A223BB1CC8A89100C2BC58 /* Sources */ = {
			isa = PBXSourcesBuildPhase;
			buildActionMask = 2147483647;
			files = (
				A7A223C51CC8A89200C2BC58 /* RNAccountKit.m in Sources */,
			);
			runOnlyForDeploymentPostprocessing = 0;
		};
/* End PBXSourcesBuildPhase section */

/* Begin XCBuildConfiguration section */
		A7A223C61CC8A89200C2BC58 /* Debug */ = {
			isa = XCBuildConfiguration;
			buildSettings = {
				ALWAYS_SEARCH_USER_PATHS = NO;
				CLANG_ANALYZER_NONNULL = YES;
				CLANG_CXX_LANGUAGE_STANDARD = "gnu++0x";
				CLANG_CXX_LIBRARY = "libc++";
				CLANG_ENABLE_MODULES = YES;
				CLANG_ENABLE_OBJC_ARC = YES;
				CLANG_WARN_BOOL_CONVERSION = YES;
				CLANG_WARN_CONSTANT_CONVERSION = YES;
				CLANG_WARN_DIRECT_OBJC_ISA_USAGE = YES_ERROR;
				CLANG_WARN_EMPTY_BODY = YES;
				CLANG_WARN_ENUM_CONVERSION = YES;
				CLANG_WARN_INT_CONVERSION = YES;
				CLANG_WARN_OBJC_ROOT_CLASS = YES_ERROR;
				CLANG_WARN_UNREACHABLE_CODE = YES;
				CLANG_WARN__DUPLICATE_METHOD_MATCH = YES;
				"CODE_SIGN_IDENTITY[sdk=iphoneos*]" = "iPhone Developer";
				COPY_PHASE_STRIP = NO;
				DEBUG_INFORMATION_FORMAT = dwarf;
				ENABLE_STRICT_OBJC_MSGSEND = YES;
				ENABLE_TESTABILITY = YES;
				GCC_C_LANGUAGE_STANDARD = gnu99;
				GCC_DYNAMIC_NO_PIC = NO;
				GCC_NO_COMMON_BLOCKS = YES;
				GCC_OPTIMIZATION_LEVEL = 0;
				GCC_PREPROCESSOR_DEFINITIONS = (
					"DEBUG=1",
					"$(inherited)",
				);
				GCC_WARN_64_TO_32_BIT_CONVERSION = YES;
				GCC_WARN_ABOUT_RETURN_TYPE = YES_ERROR;
				GCC_WARN_UNDECLARED_SELECTOR = YES;
				GCC_WARN_UNINITIALIZED_AUTOS = YES_AGGRESSIVE;
				GCC_WARN_UNUSED_FUNCTION = YES;
				GCC_WARN_UNUSED_VARIABLE = YES;
				IPHONEOS_DEPLOYMENT_TARGET = 9.3;
				MTL_ENABLE_DEBUG_INFO = YES;
				ONLY_ACTIVE_ARCH = YES;
				SDKROOT = iphoneos;
			};
			name = Debug;
		};
		A7A223C71CC8A89200C2BC58 /* Release */ = {
			isa = XCBuildConfiguration;
			buildSettings = {
				ALWAYS_SEARCH_USER_PATHS = NO;
				CLANG_ANALYZER_NONNULL = YES;
				CLANG_CXX_LANGUAGE_STANDARD = "gnu++0x";
				CLANG_CXX_LIBRARY = "libc++";
				CLANG_ENABLE_MODULES = YES;
				CLANG_ENABLE_OBJC_ARC = YES;
				CLANG_WARN_BOOL_CONVERSION = YES;
				CLANG_WARN_CONSTANT_CONVERSION = YES;
				CLANG_WARN_DIRECT_OBJC_ISA_USAGE = YES_ERROR;
				CLANG_WARN_EMPTY_BODY = YES;
				CLANG_WARN_ENUM_CONVERSION = YES;
				CLANG_WARN_INT_CONVERSION = YES;
				CLANG_WARN_OBJC_ROOT_CLASS = YES_ERROR;
				CLANG_WARN_UNREACHABLE_CODE = YES;
				CLANG_WARN__DUPLICATE_METHOD_MATCH = YES;
				"CODE_SIGN_IDENTITY[sdk=iphoneos*]" = "iPhone Developer";
				COPY_PHASE_STRIP = NO;
				DEBUG_INFORMATION_FORMAT = "dwarf-with-dsym";
				ENABLE_NS_ASSERTIONS = NO;
				ENABLE_STRICT_OBJC_MSGSEND = YES;
				GCC_C_LANGUAGE_STANDARD = gnu99;
				GCC_NO_COMMON_BLOCKS = YES;
				GCC_WARN_64_TO_32_BIT_CONVERSION = YES;
				GCC_WARN_ABOUT_RETURN_TYPE = YES_ERROR;
				GCC_WARN_UNDECLARED_SELECTOR = YES;
				GCC_WARN_UNINITIALIZED_AUTOS = YES_AGGRESSIVE;
				GCC_WARN_UNUSED_FUNCTION = YES;
				GCC_WARN_UNUSED_VARIABLE = YES;
				IPHONEOS_DEPLOYMENT_TARGET = 9.3;
				MTL_ENABLE_DEBUG_INFO = NO;
				SDKROOT = iphoneos;
				VALIDATE_PRODUCT = YES;
			};
			name = Release;
		};
		A7A223C91CC8A89200C2BC58 /* Debug */ = {
			isa = XCBuildConfiguration;
			buildSettings = {
				FRAMEWORK_SEARCH_PATHS = (
					"$(inherited)",
					"$(PROJECT_DIR)/AccountKit",
				);
				HEADER_SEARCH_PATHS = (
					"$(inherited)",
					"$(SRCROOT)/../../react-native/React/**",
					"$(SRCROOT)/../../react-native/Libraries/**",
				);
				OTHER_LDFLAGS = "-ObjC";
				PRODUCT_NAME = "$(TARGET_NAME)";
				SKIP_INSTALL = YES;
			};
			name = Debug;
		};
		A7A223CA1CC8A89200C2BC58 /* Release */ = {
			isa = XCBuildConfiguration;
			buildSettings = {
				FRAMEWORK_SEARCH_PATHS = (
					"$(inherited)",
					"$(PROJECT_DIR)/AccountKit",
				);
				HEADER_SEARCH_PATHS = (
					"$(inherited)",
					"$(SRCROOT)/../../react-native/React/**",
					"$(SRCROOT)/../../react-native/Libraries/**",
				);
				OTHER_LDFLAGS = "-ObjC";
				PRODUCT_NAME = "$(TARGET_NAME)";
				SKIP_INSTALL = YES;
			};
			name = Release;
		};
/* End XCBuildConfiguration section */

/* Begin XCConfigurationList section */
		A7A223BA1CC8A89100C2BC58 /* Build configuration list for PBXProject "RNAccountKit" */ = {
			isa = XCConfigurationList;
			buildConfigurations = (
				A7A223C61CC8A89200C2BC58 /* Debug */,
				A7A223C71CC8A89200C2BC58 /* Release */,
			);
			defaultConfigurationIsVisible = 0;
			defaultConfigurationName = Release;
		};
		A7A223C81CC8A89200C2BC58 /* Build configuration list for PBXNativeTarget "RNAccountKit" */ = {
			isa = XCConfigurationList;
			buildConfigurations = (
				A7A223C91CC8A89200C2BC58 /* Debug */,
				A7A223CA1CC8A89200C2BC58 /* Release */,
			);
			defaultConfigurationIsVisible = 0;
		};
/* End XCConfigurationList section */
	};
	rootObject = A7A223B71CC8A89100C2BC58 /* Project object */;
}
